
Microsoft Visual Studio Solution File, Format Version 12.00
# Visual Studio Version 16
VisualStudioVersion = 16.0.30804.86
MinimumVisualStudioVersion = 10.0.40219.1
Project("{FAE04EC0-301F-11D3-BF4B-00C04F79EFBC}") = "Converter", "Converter\Converter.csproj", "{F95781F2-D54C-4907-89B9-B0CD3A136130}"
EndProject
Global
	GlobalSection(SolutionConfigurationPlatforms) = preSolution
		Debug|Any CPU = Debug|Any CPU
		Release|Any CPU = Release|Any CPU
	EndGlobalSection
	GlobalSection(ProjectConfigurationPlatforms) = postSolution
		{F95781F2-D54C-4907-89B9-B0CD3A136130}.Debug|Any CPU.ActiveCfg = Debug|Any CPU
		{F95781F2-D54C-4907-89B9-B0CD3A136130}.Debug|Any CPU.Build.0 = Debug|Any CPU
		{F95781F2-D54C-4907-89B9-B0CD3A136130}.Release|Any CPU.ActiveCfg = Release|Any CPU
		{F95781F2-D54C-4907-89B9-B0CD3A136130}.Release|Any CPU.Build.0 = Release|Any CPU
	EndGlobalSection
	GlobalSection(SolutionProperties) = preSolution
		HideSolutionNode = FALSE
	EndGlobalSection
	GlobalSection(ExtensibilityGlobals) = postSolution
		SolutionGuid = {6DCCFD66-F642-4A3A-9885-1B0D255364C7}
	EndGlobalSection
EndGlobal
